
Microsoft Visual Studio Solution File, Format Version 12.00
# Visual Studio Version 16
VisualStudioVersion = 16.0.30204.135
MinimumVisualStudioVersion = 10.0.40219.1
Project("{8BC9CEB8-8B4A-11D0-8D11-00A0C91BC942}") = "ALDS_1_1_D", "ALDS_1_1_D\ALDS_1_1_D.vcxproj", "{FE887803-95EA-4C08-BF2B-CD173EF2F7AB}"
EndProject
Project("{8BC9CEB8-8B4A-11D0-8D11-00A0C91BC942}") = "ALDS_1_1_A", "ALDS_1_1_A\ALDS_1_1_A.vcxproj", "{B17DC31A-8FF8-47AA-B356-CFDBB99F9663}"
EndProject
Project("{8BC9CEB8-8B4A-11D0-8D11-00A0C91BC942}") = "ITP_1_11_A", "ITP_1_11_A\ITP_1_11_A.vcxproj", "{9B48B78C-5FD8-41F9-8347-C3B96B5F4DA4}"
EndProject
Project("{8BC9CEB8-8B4A-11D0-8D11-00A0C91BC942}") = "ALDS_1_1_B", "ALDS_1_1_B\ALDS_1_1_B.vcxproj", "{999F461A-B147-4B0B-B5F3-2D0A00C9F3D8}"
EndProject
Project("{8BC9CEB8-8B4A-11D0-8D11-00A0C91BC942}") = "ALDS_1_1_C", "ALDS_1_1_C\ALDS_1_1_C.vcxproj", "{3C80D277-803C-437E-8E87-B9D8EA6AA658}"
EndProject
Global
	GlobalSection(SolutionConfigurationPlatforms) = preSolution
		Debug|x64 = Debug|x64
		Debug|x86 = Debug|x86
		Release|x64 = Release|x64
		Release|x86 = Release|x86
	EndGlobalSection
	GlobalSection(ProjectConfigurationPlatforms) = postSolution
		{FE887803-95EA-4C08-BF2B-CD173EF2F7AB}.Debug|x64.ActiveCfg = Debug|x64
		{FE887803-95EA-4C08-BF2B-CD173EF2F7AB}.Debug|x64.Build.0 = Debug|x64
		{FE887803-95EA-4C08-BF2B-CD173EF2F7AB}.Debug|x86.ActiveCfg = Debug|Win32
		{FE887803-95EA-4C08-BF2B-CD173EF2F7AB}.Debug|x86.Build.0 = Debug|Win32
		{FE887803-95EA-4C08-BF2B-CD173EF2F7AB}.Release|x64.ActiveCfg = Release|x64
		{FE887803-95EA-4C08-BF2B-CD173EF2F7AB}.Release|x64.Build.0 = Release|x64
		{FE887803-95EA-4C08-BF2B-CD173EF2F7AB}.Release|x86.ActiveCfg = Release|Win32
		{FE887803-95EA-4C08-BF2B-CD173EF2F7AB}.Release|x86.Build.0 = Release|Win32
		{B17DC31A-8FF8-47AA-B356-CFDBB99F9663}.Debug|x64.ActiveCfg = Debug|x64
		{B17DC31A-8FF8-47AA-B356-CFDBB99F9663}.Debug|x64.Build.0 = Debug|x64
		{B17DC31A-8FF8-47AA-B356-CFDBB99F9663}.Debug|x86.ActiveCfg = Debug|Win32
		{B17DC31A-8FF8-47AA-B356-CFDBB99F9663}.Debug|x86.Build.0 = Debug|Win32
		{B17DC31A-8FF8-47AA-B356-CFDBB99F9663}.Release|x64.ActiveCfg = Release|x64
		{B17DC31A-8FF8-47AA-B356-CFDBB99F9663}.Release|x64.Build.0 = Release|x64
		{B17DC31A-8FF8-47AA-B356-CFDBB99F9663}.Release|x86.ActiveCfg = Release|Win32
		{B17DC31A-8FF8-47AA-B356-CFDBB99F9663}.Release|x86.Build.0 = Release|Win32
		{9B48B78C-5FD8-41F9-8347-C3B96B5F4DA4}.Debug|x64.ActiveCfg = Debug|x64
		{9B48B78C-5FD8-41F9-8347-C3B96B5F4DA4}.Debug|x64.Build.0 = Debug|x64
		{9B48B78C-5FD8-41F9-8347-C3B96B5F4DA4}.Debug|x86.ActiveCfg = Debug|Win32
		{9B48B78C-5FD8-41F9-8347-C3B96B5F4DA4}.Debug|x86.Build.0 = Debug|Win32
		{9B48B78C-5FD8-41F9-8347-C3B96B5F4DA4}.Release|x64.ActiveCfg = Release|x64
		{9B48B78C-5FD8-41F9-8347-C3B96B5F4DA4}.Release|x64.Build.0 = Release|x64
		{9B48B78C-5FD8-41F9-8347-C3B96B5F4DA4}.Release|x86.ActiveCfg = Release|Win32
		{9B48B78C-5FD8-41F9-8347-C3B96B5F4DA4}.Release|x86.Build.0 = Release|Win32
		{999F461A-B147-4B0B-B5F3-2D0A00C9F3D8}.Debug|x64.ActiveCfg = Debug|x64
		{999F461A-B147-4B0B-B5F3-2D0A00C9F3D8}.Debug|x64.Build.0 = Debug|x64
		{999F461A-B147-4B0B-B5F3-2D0A00C9F3D8}.Debug|x86.ActiveCfg = Debug|Win32
		{999F461A-B147-4B0B-B5F3-2D0A00C9F3D8}.Debug|x86.Build.0 = Debug|Win32
		{999F461A-B147-4B0B-B5F3-2D0A00C9F3D8}.Release|x64.ActiveCfg = Release|x64
		{999F461A-B147-4B0B-B5F3-2D0A00C9F3D8}.Release|x64.Build.0 = Release|x64
		{999F461A-B147-4B0B-B5F3-2D0A00C9F3D8}.Release|x86.ActiveCfg = Release|Win32
		{999F461A-B147-4B0B-B5F3-2D0A00C9F3D8}.Release|x86.Build.0 = Release|Win32
		{3C80D277-803C-437E-8E87-B9D8EA6AA658}.Debug|x64.ActiveCfg = Debug|x64
		{3C80D277-803C-437E-8E87-B9D8EA6AA658}.Debug|x64.Build.0 = Debug|x64
		{3C80D277-803C-437E-8E87-B9D8EA6AA658}.Debug|x86.ActiveCfg = Debug|Win32
		{3C80D277-803C-437E-8E87-B9D8EA6AA658}.Debug|x86.Build.0 = Debug|Win32
		{3C80D277-803C-437E-8E87-B9D8EA6AA658}.Release|x64.ActiveCfg = Release|x64
		{3C80D277-803C-437E-8E87-B9D8EA6AA658}.Release|x64.Build.0 = Release|x64
		{3C80D277-803C-437E-8E87-B9D8EA6AA658}.Release|x86.ActiveCfg = Release|Win32
		{3C80D277-803C-437E-8E87-B9D8EA6AA658}.Release|x86.Build.0 = Release|Win32
	EndGlobalSection
	GlobalSection(SolutionProperties) = preSolution
		HideSolutionNode = FALSE
	EndGlobalSection
	GlobalSection(ExtensibilityGlobals) = postSolution
		SolutionGuid = {4318850D-88E4-42C1-9C03-11109CAECA9B}
	EndGlobalSection
EndGlobal
