
Microsoft Visual Studio Solution File, Format Version 12.00
# Visual Studio Version 16
VisualStudioVersion = 16.0.30204.135
MinimumVisualStudioVersion = 10.0.40219.1
Project("{8BC9CEB8-8B4A-11D0-8D11-00A0C91BC942}") = "ALDS_1_1_D", "ALDS_1_1_D\ALDS_1_1_D.vcxproj", "{FE887803-95EA-4C08-BF2B-CD173EF2F7AB}"
EndProject
Project("{8BC9CEB8-8B4A-11D0-8D11-00A0C91BC942}") = "ALDS_1_1_A", "ALDS_1_1_A\ALDS_1_1_A.vcxproj", "{B17DC31A-8FF8-47AA-B356-CFDBB99F9663}"
EndProject
Project("{8BC9CEB8-8B4A-11D0-8D11-00A0C91BC942}") = "ALDS_1_1_B", "ALDS_1_1_B\ALDS_1_1_B.vcxproj", "{999F461A-B147-4B0B-B5F3-2D0A00C9F3D8}"
EndProject
Project("{8BC9CEB8-8B4A-11D0-8D11-00A0C91BC942}") = "ALDS_1_1_C", "ALDS_1_1_C\ALDS_1_1_C.vcxproj", "{3C80D277-803C-437E-8E87-B9D8EA6AA658}"
EndProject
Project("{8BC9CEB8-8B4A-11D0-8D11-00A0C91BC942}") = "ALDS_1_2_A", "ALDS_1_2_A\ALDS_1_2_A.vcxproj", "{FDF82813-F027-445D-9955-F6D3DEE870BF}"
EndProject
Project("{8BC9CEB8-8B4A-11D0-8D11-00A0C91BC942}") = "ALDS_1_2_B", "ALDS_1_2_B\ALDS_1_2_B.vcxproj", "{D5A6A527-51F8-4C7B-8437-C2FDF906AF0E}"
EndProject
Project("{8BC9CEB8-8B4A-11D0-8D11-00A0C91BC942}") = "ALDS_1_2_C", "ALDS_1_2_C\ALDS_1_2_C.vcxproj", "{F7511542-4EC2-4FBC-8F49-7D4FCDB872AD}"
EndProject
Project("{8BC9CEB8-8B4A-11D0-8D11-00A0C91BC942}") = "ALDS_1_2_D", "ALDS_1_2_D\ALDS_1_2_D.vcxproj", "{F9D47EDF-1FC2-436B-9575-8330608A4C8C}"
EndProject
Project("{8BC9CEB8-8B4A-11D0-8D11-00A0C91BC942}") = "ALDS_1_3_A", "ALDS_1_3_A\ALDS_1_3_A.vcxproj", "{2EEDDA59-D45D-47C1-AA64-EAD98F9DCCC7}"
EndProject
Project("{8BC9CEB8-8B4A-11D0-8D11-00A0C91BC942}") = "ALDS_1_3_B", "ALDS_1_3_B\ALDS_1_3_B.vcxproj", "{D33AD123-736F-4EF7-BEF4-98232FDE0635}"
EndProject
Project("{8BC9CEB8-8B4A-11D0-8D11-00A0C91BC942}") = "ALDS_1_3_C", "ALDS_1_3_C\ALDS_1_3_C.vcxproj", "{1D2DB2DD-667E-446D-9092-030562CF4C1E}"
EndProject
Project("{8BC9CEB8-8B4A-11D0-8D11-00A0C91BC942}") = "ALDS_1_3_D", "ALDS_1_3_D\ALDS_1_3_D.vcxproj", "{62533657-5A80-4AC2-8156-12B2CD64FCBD}"
EndProject
Project("{8BC9CEB8-8B4A-11D0-8D11-00A0C91BC942}") = "ALDS_1_4_A", "ALDS_1_4_A\ALDS_1_4_A.vcxproj", "{F444BC56-65D0-4895-8C00-551A613E5C6E}"
EndProject
Project("{8BC9CEB8-8B4A-11D0-8D11-00A0C91BC942}") = "ALDS_1_4_B", "ALDS_1_4_B\ALDS_1_4_B.vcxproj", "{F9C552E1-1A4A-4895-A94F-B0A2AA6384C2}"
EndProject
Project("{8BC9CEB8-8B4A-11D0-8D11-00A0C91BC942}") = "ALDS_1_4_C", "ALDS_1_4_C\ALDS_1_4_C.vcxproj", "{9A81EDF7-3F34-4D3E-8B0E-2FB9C5071EE7}"
EndProject
Project("{8BC9CEB8-8B4A-11D0-8D11-00A0C91BC942}") = "ALDS_1_4_D", "ALDS_1_4_D\ALDS_1_4_D.vcxproj", "{1B8B878D-DD17-412E-9488-D6A3F3089028}"
EndProject
Project("{8BC9CEB8-8B4A-11D0-8D11-00A0C91BC942}") = "ALDS_1_5_A", "ALDS_1_5_A\ALDS_1_5_A.vcxproj", "{B08E0578-E023-4FA9-938A-FBFDD6F936C4}"
EndProject
Project("{8BC9CEB8-8B4A-11D0-8D11-00A0C91BC942}") = "ALDS_1_5_C", "ALDS_1_5_C\ALDS_1_5_C.vcxproj", "{326BA62C-AD71-42BA-8A15-AF7077CEC9F2}"
EndProject
Project("{8BC9CEB8-8B4A-11D0-8D11-00A0C91BC942}") = "ALDS_1_5_B", "ALDS_1_5_B\ALDS_1_5_B.vcxproj", "{8160EDA2-1DD7-44ED-8DE1-2E0721E21EB0}"
EndProject
Global
	GlobalSection(SolutionConfigurationPlatforms) = preSolution
		Debug|x64 = Debug|x64
		Debug|x86 = Debug|x86
		Release|x64 = Release|x64
		Release|x86 = Release|x86
	EndGlobalSection
	GlobalSection(ProjectConfigurationPlatforms) = postSolution
		{FE887803-95EA-4C08-BF2B-CD173EF2F7AB}.Debug|x64.ActiveCfg = Debug|x64
		{FE887803-95EA-4C08-BF2B-CD173EF2F7AB}.Debug|x64.Build.0 = Debug|x64
		{FE887803-95EA-4C08-BF2B-CD173EF2F7AB}.Debug|x86.ActiveCfg = Debug|Win32
		{FE887803-95EA-4C08-BF2B-CD173EF2F7AB}.Debug|x86.Build.0 = Debug|Win32
		{FE887803-95EA-4C08-BF2B-CD173EF2F7AB}.Release|x64.ActiveCfg = Release|x64
		{FE887803-95EA-4C08-BF2B-CD173EF2F7AB}.Release|x64.Build.0 = Release|x64
		{FE887803-95EA-4C08-BF2B-CD173EF2F7AB}.Release|x86.ActiveCfg = Release|Win32
		{FE887803-95EA-4C08-BF2B-CD173EF2F7AB}.Release|x86.Build.0 = Release|Win32
		{B17DC31A-8FF8-47AA-B356-CFDBB99F9663}.Debug|x64.ActiveCfg = Debug|x64
		{B17DC31A-8FF8-47AA-B356-CFDBB99F9663}.Debug|x64.Build.0 = Debug|x64
		{B17DC31A-8FF8-47AA-B356-CFDBB99F9663}.Debug|x86.ActiveCfg = Debug|Win32
		{B17DC31A-8FF8-47AA-B356-CFDBB99F9663}.Debug|x86.Build.0 = Debug|Win32
		{B17DC31A-8FF8-47AA-B356-CFDBB99F9663}.Release|x64.ActiveCfg = Release|x64
		{B17DC31A-8FF8-47AA-B356-CFDBB99F9663}.Release|x64.Build.0 = Release|x64
		{B17DC31A-8FF8-47AA-B356-CFDBB99F9663}.Release|x86.ActiveCfg = Release|Win32
		{B17DC31A-8FF8-47AA-B356-CFDBB99F9663}.Release|x86.Build.0 = Release|Win32
		{999F461A-B147-4B0B-B5F3-2D0A00C9F3D8}.Debug|x64.ActiveCfg = Debug|x64
		{999F461A-B147-4B0B-B5F3-2D0A00C9F3D8}.Debug|x64.Build.0 = Debug|x64
		{999F461A-B147-4B0B-B5F3-2D0A00C9F3D8}.Debug|x86.ActiveCfg = Debug|Win32
		{999F461A-B147-4B0B-B5F3-2D0A00C9F3D8}.Debug|x86.Build.0 = Debug|Win32
		{999F461A-B147-4B0B-B5F3-2D0A00C9F3D8}.Release|x64.ActiveCfg = Release|x64
		{999F461A-B147-4B0B-B5F3-2D0A00C9F3D8}.Release|x64.Build.0 = Release|x64
		{999F461A-B147-4B0B-B5F3-2D0A00C9F3D8}.Release|x86.ActiveCfg = Release|Win32
		{999F461A-B147-4B0B-B5F3-2D0A00C9F3D8}.Release|x86.Build.0 = Release|Win32
		{3C80D277-803C-437E-8E87-B9D8EA6AA658}.Debug|x64.ActiveCfg = Debug|x64
		{3C80D277-803C-437E-8E87-B9D8EA6AA658}.Debug|x64.Build.0 = Debug|x64
		{3C80D277-803C-437E-8E87-B9D8EA6AA658}.Debug|x86.ActiveCfg = Debug|Win32
		{3C80D277-803C-437E-8E87-B9D8EA6AA658}.Debug|x86.Build.0 = Debug|Win32
		{3C80D277-803C-437E-8E87-B9D8EA6AA658}.Release|x64.ActiveCfg = Release|x64
		{3C80D277-803C-437E-8E87-B9D8EA6AA658}.Release|x64.Build.0 = Release|x64
		{3C80D277-803C-437E-8E87-B9D8EA6AA658}.Release|x86.ActiveCfg = Release|Win32
		{3C80D277-803C-437E-8E87-B9D8EA6AA658}.Release|x86.Build.0 = Release|Win32
		{FDF82813-F027-445D-9955-F6D3DEE870BF}.Debug|x64.ActiveCfg = Debug|x64
		{FDF82813-F027-445D-9955-F6D3DEE870BF}.Debug|x64.Build.0 = Debug|x64
		{FDF82813-F027-445D-9955-F6D3DEE870BF}.Debug|x86.ActiveCfg = Debug|Win32
		{FDF82813-F027-445D-9955-F6D3DEE870BF}.Debug|x86.Build.0 = Debug|Win32
		{FDF82813-F027-445D-9955-F6D3DEE870BF}.Release|x64.ActiveCfg = Release|x64
		{FDF82813-F027-445D-9955-F6D3DEE870BF}.Release|x64.Build.0 = Release|x64
		{FDF82813-F027-445D-9955-F6D3DEE870BF}.Release|x86.ActiveCfg = Release|Win32
		{FDF82813-F027-445D-9955-F6D3DEE870BF}.Release|x86.Build.0 = Release|Win32
		{D5A6A527-51F8-4C7B-8437-C2FDF906AF0E}.Debug|x64.ActiveCfg = Debug|x64
		{D5A6A527-51F8-4C7B-8437-C2FDF906AF0E}.Debug|x64.Build.0 = Debug|x64
		{D5A6A527-51F8-4C7B-8437-C2FDF906AF0E}.Debug|x86.ActiveCfg = Debug|Win32
		{D5A6A527-51F8-4C7B-8437-C2FDF906AF0E}.Debug|x86.Build.0 = Debug|Win32
		{D5A6A527-51F8-4C7B-8437-C2FDF906AF0E}.Release|x64.ActiveCfg = Release|x64
		{D5A6A527-51F8-4C7B-8437-C2FDF906AF0E}.Release|x64.Build.0 = Release|x64
		{D5A6A527-51F8-4C7B-8437-C2FDF906AF0E}.Release|x86.ActiveCfg = Release|Win32
		{D5A6A527-51F8-4C7B-8437-C2FDF906AF0E}.Release|x86.Build.0 = Release|Win32
		{F7511542-4EC2-4FBC-8F49-7D4FCDB872AD}.Debug|x64.ActiveCfg = Debug|x64
		{F7511542-4EC2-4FBC-8F49-7D4FCDB872AD}.Debug|x64.Build.0 = Debug|x64
		{F7511542-4EC2-4FBC-8F49-7D4FCDB872AD}.Debug|x86.ActiveCfg = Debug|Win32
		{F7511542-4EC2-4FBC-8F49-7D4FCDB872AD}.Debug|x86.Build.0 = Debug|Win32
		{F7511542-4EC2-4FBC-8F49-7D4FCDB872AD}.Release|x64.ActiveCfg = Release|x64
		{F7511542-4EC2-4FBC-8F49-7D4FCDB872AD}.Release|x64.Build.0 = Release|x64
		{F7511542-4EC2-4FBC-8F49-7D4FCDB872AD}.Release|x86.ActiveCfg = Release|Win32
		{F7511542-4EC2-4FBC-8F49-7D4FCDB872AD}.Release|x86.Build.0 = Release|Win32
		{F9D47EDF-1FC2-436B-9575-8330608A4C8C}.Debug|x64.ActiveCfg = Debug|x64
		{F9D47EDF-1FC2-436B-9575-8330608A4C8C}.Debug|x64.Build.0 = Debug|x64
		{F9D47EDF-1FC2-436B-9575-8330608A4C8C}.Debug|x86.ActiveCfg = Debug|Win32
		{F9D47EDF-1FC2-436B-9575-8330608A4C8C}.Debug|x86.Build.0 = Debug|Win32
		{F9D47EDF-1FC2-436B-9575-8330608A4C8C}.Release|x64.ActiveCfg = Release|x64
		{F9D47EDF-1FC2-436B-9575-8330608A4C8C}.Release|x64.Build.0 = Release|x64
		{F9D47EDF-1FC2-436B-9575-8330608A4C8C}.Release|x86.ActiveCfg = Release|Win32
		{F9D47EDF-1FC2-436B-9575-8330608A4C8C}.Release|x86.Build.0 = Release|Win32
		{2EEDDA59-D45D-47C1-AA64-EAD98F9DCCC7}.Debug|x64.ActiveCfg = Debug|x64
		{2EEDDA59-D45D-47C1-AA64-EAD98F9DCCC7}.Debug|x64.Build.0 = Debug|x64
		{2EEDDA59-D45D-47C1-AA64-EAD98F9DCCC7}.Debug|x86.ActiveCfg = Debug|Win32
		{2EEDDA59-D45D-47C1-AA64-EAD98F9DCCC7}.Debug|x86.Build.0 = Debug|Win32
		{2EEDDA59-D45D-47C1-AA64-EAD98F9DCCC7}.Release|x64.ActiveCfg = Release|x64
		{2EEDDA59-D45D-47C1-AA64-EAD98F9DCCC7}.Release|x64.Build.0 = Release|x64
		{2EEDDA59-D45D-47C1-AA64-EAD98F9DCCC7}.Release|x86.ActiveCfg = Release|Win32
		{2EEDDA59-D45D-47C1-AA64-EAD98F9DCCC7}.Release|x86.Build.0 = Release|Win32
		{D33AD123-736F-4EF7-BEF4-98232FDE0635}.Debug|x64.ActiveCfg = Debug|x64
		{D33AD123-736F-4EF7-BEF4-98232FDE0635}.Debug|x64.Build.0 = Debug|x64
		{D33AD123-736F-4EF7-BEF4-98232FDE0635}.Debug|x86.ActiveCfg = Debug|Win32
		{D33AD123-736F-4EF7-BEF4-98232FDE0635}.Debug|x86.Build.0 = Debug|Win32
		{D33AD123-736F-4EF7-BEF4-98232FDE0635}.Release|x64.ActiveCfg = Release|x64
		{D33AD123-736F-4EF7-BEF4-98232FDE0635}.Release|x64.Build.0 = Release|x64
		{D33AD123-736F-4EF7-BEF4-98232FDE0635}.Release|x86.ActiveCfg = Release|Win32
		{D33AD123-736F-4EF7-BEF4-98232FDE0635}.Release|x86.Build.0 = Release|Win32
		{1D2DB2DD-667E-446D-9092-030562CF4C1E}.Debug|x64.ActiveCfg = Debug|x64
		{1D2DB2DD-667E-446D-9092-030562CF4C1E}.Debug|x64.Build.0 = Debug|x64
		{1D2DB2DD-667E-446D-9092-030562CF4C1E}.Debug|x86.ActiveCfg = Debug|Win32
		{1D2DB2DD-667E-446D-9092-030562CF4C1E}.Debug|x86.Build.0 = Debug|Win32
		{1D2DB2DD-667E-446D-9092-030562CF4C1E}.Release|x64.ActiveCfg = Release|x64
		{1D2DB2DD-667E-446D-9092-030562CF4C1E}.Release|x64.Build.0 = Release|x64
		{1D2DB2DD-667E-446D-9092-030562CF4C1E}.Release|x86.ActiveCfg = Release|Win32
		{1D2DB2DD-667E-446D-9092-030562CF4C1E}.Release|x86.Build.0 = Release|Win32
		{62533657-5A80-4AC2-8156-12B2CD64FCBD}.Debug|x64.ActiveCfg = Debug|x64
		{62533657-5A80-4AC2-8156-12B2CD64FCBD}.Debug|x64.Build.0 = Debug|x64
		{62533657-5A80-4AC2-8156-12B2CD64FCBD}.Debug|x86.ActiveCfg = Debug|Win32
		{62533657-5A80-4AC2-8156-12B2CD64FCBD}.Debug|x86.Build.0 = Debug|Win32
		{62533657-5A80-4AC2-8156-12B2CD64FCBD}.Release|x64.ActiveCfg = Release|x64
		{62533657-5A80-4AC2-8156-12B2CD64FCBD}.Release|x64.Build.0 = Release|x64
		{62533657-5A80-4AC2-8156-12B2CD64FCBD}.Release|x86.ActiveCfg = Release|Win32
		{62533657-5A80-4AC2-8156-12B2CD64FCBD}.Release|x86.Build.0 = Release|Win32
		{F444BC56-65D0-4895-8C00-551A613E5C6E}.Debug|x64.ActiveCfg = Debug|x64
		{F444BC56-65D0-4895-8C00-551A613E5C6E}.Debug|x64.Build.0 = Debug|x64
		{F444BC56-65D0-4895-8C00-551A613E5C6E}.Debug|x86.ActiveCfg = Debug|Win32
		{F444BC56-65D0-4895-8C00-551A613E5C6E}.Debug|x86.Build.0 = Debug|Win32
		{F444BC56-65D0-4895-8C00-551A613E5C6E}.Release|x64.ActiveCfg = Release|x64
		{F444BC56-65D0-4895-8C00-551A613E5C6E}.Release|x64.Build.0 = Release|x64
		{F444BC56-65D0-4895-8C00-551A613E5C6E}.Release|x86.ActiveCfg = Release|Win32
		{F444BC56-65D0-4895-8C00-551A613E5C6E}.Release|x86.Build.0 = Release|Win32
		{F9C552E1-1A4A-4895-A94F-B0A2AA6384C2}.Debug|x64.ActiveCfg = Debug|x64
		{F9C552E1-1A4A-4895-A94F-B0A2AA6384C2}.Debug|x64.Build.0 = Debug|x64
		{F9C552E1-1A4A-4895-A94F-B0A2AA6384C2}.Debug|x86.ActiveCfg = Debug|Win32
		{F9C552E1-1A4A-4895-A94F-B0A2AA6384C2}.Debug|x86.Build.0 = Debug|Win32
		{F9C552E1-1A4A-4895-A94F-B0A2AA6384C2}.Release|x64.ActiveCfg = Release|x64
		{F9C552E1-1A4A-4895-A94F-B0A2AA6384C2}.Release|x64.Build.0 = Release|x64
		{F9C552E1-1A4A-4895-A94F-B0A2AA6384C2}.Release|x86.ActiveCfg = Release|Win32
		{F9C552E1-1A4A-4895-A94F-B0A2AA6384C2}.Release|x86.Build.0 = Release|Win32
		{9A81EDF7-3F34-4D3E-8B0E-2FB9C5071EE7}.Debug|x64.ActiveCfg = Debug|x64
		{9A81EDF7-3F34-4D3E-8B0E-2FB9C5071EE7}.Debug|x64.Build.0 = Debug|x64
		{9A81EDF7-3F34-4D3E-8B0E-2FB9C5071EE7}.Debug|x86.ActiveCfg = Debug|Win32
		{9A81EDF7-3F34-4D3E-8B0E-2FB9C5071EE7}.Debug|x86.Build.0 = Debug|Win32
		{9A81EDF7-3F34-4D3E-8B0E-2FB9C5071EE7}.Release|x64.ActiveCfg = Release|x64
		{9A81EDF7-3F34-4D3E-8B0E-2FB9C5071EE7}.Release|x64.Build.0 = Release|x64
		{9A81EDF7-3F34-4D3E-8B0E-2FB9C5071EE7}.Release|x86.ActiveCfg = Release|Win32
		{9A81EDF7-3F34-4D3E-8B0E-2FB9C5071EE7}.Release|x86.Build.0 = Release|Win32
		{1B8B878D-DD17-412E-9488-D6A3F3089028}.Debug|x64.ActiveCfg = Debug|x64
		{1B8B878D-DD17-412E-9488-D6A3F3089028}.Debug|x64.Build.0 = Debug|x64
		{1B8B878D-DD17-412E-9488-D6A3F3089028}.Debug|x86.ActiveCfg = Debug|Win32
		{1B8B878D-DD17-412E-9488-D6A3F3089028}.Debug|x86.Build.0 = Debug|Win32
		{1B8B878D-DD17-412E-9488-D6A3F3089028}.Release|x64.ActiveCfg = Release|x64
		{1B8B878D-DD17-412E-9488-D6A3F3089028}.Release|x64.Build.0 = Release|x64
		{1B8B878D-DD17-412E-9488-D6A3F3089028}.Release|x86.ActiveCfg = Release|Win32
		{1B8B878D-DD17-412E-9488-D6A3F3089028}.Release|x86.Build.0 = Release|Win32
		{B08E0578-E023-4FA9-938A-FBFDD6F936C4}.Debug|x64.ActiveCfg = Debug|x64
		{B08E0578-E023-4FA9-938A-FBFDD6F936C4}.Debug|x64.Build.0 = Debug|x64
		{B08E0578-E023-4FA9-938A-FBFDD6F936C4}.Debug|x86.ActiveCfg = Debug|Win32
		{B08E0578-E023-4FA9-938A-FBFDD6F936C4}.Debug|x86.Build.0 = Debug|Win32
		{B08E0578-E023-4FA9-938A-FBFDD6F936C4}.Release|x64.ActiveCfg = Release|x64
		{B08E0578-E023-4FA9-938A-FBFDD6F936C4}.Release|x64.Build.0 = Release|x64
		{B08E0578-E023-4FA9-938A-FBFDD6F936C4}.Release|x86.ActiveCfg = Release|Win32
		{B08E0578-E023-4FA9-938A-FBFDD6F936C4}.Release|x86.Build.0 = Release|Win32
		{326BA62C-AD71-42BA-8A15-AF7077CEC9F2}.Debug|x64.ActiveCfg = Debug|x64
		{326BA62C-AD71-42BA-8A15-AF7077CEC9F2}.Debug|x64.Build.0 = Debug|x64
		{326BA62C-AD71-42BA-8A15-AF7077CEC9F2}.Debug|x86.ActiveCfg = Debug|Win32
		{326BA62C-AD71-42BA-8A15-AF7077CEC9F2}.Debug|x86.Build.0 = Debug|Win32
		{326BA62C-AD71-42BA-8A15-AF7077CEC9F2}.Release|x64.ActiveCfg = Release|x64
		{326BA62C-AD71-42BA-8A15-AF7077CEC9F2}.Release|x64.Build.0 = Release|x64
		{326BA62C-AD71-42BA-8A15-AF7077CEC9F2}.Release|x86.ActiveCfg = Release|Win32
		{326BA62C-AD71-42BA-8A15-AF7077CEC9F2}.Release|x86.Build.0 = Release|Win32
		{8160EDA2-1DD7-44ED-8DE1-2E0721E21EB0}.Debug|x64.ActiveCfg = Debug|x64
		{8160EDA2-1DD7-44ED-8DE1-2E0721E21EB0}.Debug|x64.Build.0 = Debug|x64
		{8160EDA2-1DD7-44ED-8DE1-2E0721E21EB0}.Debug|x86.ActiveCfg = Debug|Win32
		{8160EDA2-1DD7-44ED-8DE1-2E0721E21EB0}.Debug|x86.Build.0 = Debug|Win32
		{8160EDA2-1DD7-44ED-8DE1-2E0721E21EB0}.Release|x64.ActiveCfg = Release|x64
		{8160EDA2-1DD7-44ED-8DE1-2E0721E21EB0}.Release|x64.Build.0 = Release|x64
		{8160EDA2-1DD7-44ED-8DE1-2E0721E21EB0}.Release|x86.ActiveCfg = Release|Win32
		{8160EDA2-1DD7-44ED-8DE1-2E0721E21EB0}.Release|x86.Build.0 = Release|Win32
	EndGlobalSection
	GlobalSection(SolutionProperties) = preSolution
		HideSolutionNode = FALSE
	EndGlobalSection
	GlobalSection(ExtensibilityGlobals) = postSolution
		SolutionGuid = {4318850D-88E4-42C1-9C03-11109CAECA9B}
	EndGlobalSection
EndGlobal
